// !$*UTF8*$!
{
	archiveVersion = 1;
	classes = {
	};
	objectVersion = 46;
	objects = {

/* Begin PBXBuildFile section */
		6A2243EA1B17E2A50048A821 /* AppDelegate.swift in Sources */ = {isa = PBXBuildFile; fileRef = 6A2243E91B17E2A50048A821 /* AppDelegate.swift */; };
		6A2243EC1B17E2A50048A821 /* RecordSoundsViewController.swift in Sources */ = {isa = PBXBuildFile; fileRef = 6A2243EB1B17E2A50048A821 /* RecordSoundsViewController.swift */; };
		6A2243EF1B17E2A50048A821 /* Main.storyboard in Resources */ = {isa = PBXBuildFile; fileRef = 6A2243ED1B17E2A50048A821 /* Main.storyboard */; };
		6A2243F11B17E2A50048A821 /* Images.xcassets in Resources */ = {isa = PBXBuildFile; fileRef = 6A2243F01B17E2A50048A821 /* Images.xcassets */; };
		6A2243F41B17E2A50048A821 /* LaunchScreen.xib in Resources */ = {isa = PBXBuildFile; fileRef = 6A2243F21B17E2A50048A821 /* LaunchScreen.xib */; };
		6A2244001B17E2A50048A821 /* Pitch_Perfect_iPadTests.swift in Sources */ = {isa = PBXBuildFile; fileRef = 6A2243FF1B17E2A50048A821 /* Pitch_Perfect_iPadTests.swift */; };
		6A22440A1B17EA1F0048A821 /* PlaybackViewController.swift in Sources */ = {isa = PBXBuildFile; fileRef = 6A2244091B17EA1F0048A821 /* PlaybackViewController.swift */; };
		6A22440C1B17EE310048A821 /* RecordedAudio.swift in Sources */ = {isa = PBXBuildFile; fileRef = 6A22440B1B17EE310048A821 /* RecordedAudio.swift */; };
/* End PBXBuildFile section */

/* Begin PBXContainerItemProxy section */
		6A2243FA1B17E2A50048A821 /* PBXContainerItemProxy */ = {
			isa = PBXContainerItemProxy;
			containerPortal = 6A2243DC1B17E2A50048A821 /* Project object */;
			proxyType = 1;
			remoteGlobalIDString = 6A2243E31B17E2A50048A821;
			remoteInfo = "Pitch Perfect iPad";
		};
/* End PBXContainerItemProxy section */

/* Begin PBXFileReference section */
		6A2243E41B17E2A50048A821 /* Pitch Perfect iPad.app */ = {isa = PBXFileReference; explicitFileType = wrapper.application; includeInIndex = 0; path = "Pitch Perfect iPad.app"; sourceTree = BUILT_PRODUCTS_DIR; };
		6A2243E81B17E2A50048A821 /* Info.plist */ = {isa = PBXFileReference; lastKnownFileType = text.plist.xml; path = Info.plist; sourceTree = "<group>"; };
		6A2243E91B17E2A50048A821 /* AppDelegate.swift */ = {isa = PBXFileReference; lastKnownFileType = sourcecode.swift; path = AppDelegate.swift; sourceTree = "<group>"; };
		6A2243EB1B17E2A50048A821 /* RecordSoundsViewController.swift */ = {isa = PBXFileReference; lastKnownFileType = sourcecode.swift; path = RecordSoundsViewController.swift; sourceTree = "<group>"; };
		6A2243EE1B17E2A50048A821 /* Base */ = {isa = PBXFileReference; lastKnownFileType = file.storyboard; name = Base; path = Base.lproj/Main.storyboard; sourceTree = "<group>"; };
		6A2243F01B17E2A50048A821 /* Images.xcassets */ = {isa = PBXFileReference; lastKnownFileType = folder.assetcatalog; path = Images.xcassets; sourceTree = "<group>"; };
		6A2243F31B17E2A50048A821 /* Base */ = {isa = PBXFileReference; lastKnownFileType = file.xib; name = Base; path = Base.lproj/LaunchScreen.xib; sourceTree = "<group>"; };
		6A2243F91B17E2A50048A821 /* Pitch Perfect iPadTests.xctest */ = {isa = PBXFileReference; explicitFileType = wrapper.cfbundle; includeInIndex = 0; path = "Pitch Perfect iPadTests.xctest"; sourceTree = BUILT_PRODUCTS_DIR; };
		6A2243FE1B17E2A50048A821 /* Info.plist */ = {isa = PBXFileReference; lastKnownFileType = text.plist.xml; path = Info.plist; sourceTree = "<group>"; };
		6A2243FF1B17E2A50048A821 /* Pitch_Perfect_iPadTests.swift */ = {isa = PBXFileReference; lastKnownFileType = sourcecode.swift; path = Pitch_Perfect_iPadTests.swift; sourceTree = "<group>"; };
		6A2244091B17EA1F0048A821 /* PlaybackViewController.swift */ = {isa = PBXFileReference; fileEncoding = 4; lastKnownFileType = sourcecode.swift; path = PlaybackViewController.swift; sourceTree = "<group>"; };
		6A22440B1B17EE310048A821 /* RecordedAudio.swift */ = {isa = PBXFileReference; fileEncoding = 4; lastKnownFileType = sourcecode.swift; path = RecordedAudio.swift; sourceTree = "<group>"; };
/* End PBXFileReference section */

/* Begin PBXFrameworksBuildPhase section */
		6A2243E11B17E2A50048A821 /* Frameworks */ = {
			isa = PBXFrameworksBuildPhase;
			buildActionMask = 2147483647;
			files = (
			);
			runOnlyForDeploymentPostprocessing = 0;
		};
		6A2243F61B17E2A50048A821 /* Frameworks */ = {
			isa = PBXFrameworksBuildPhase;
			buildActionMask = 2147483647;
			files = (
			);
			runOnlyForDeploymentPostprocessing = 0;
		};
/* End PBXFrameworksBuildPhase section */

/* Begin PBXGroup section */
		6A2243DB1B17E2A50048A821 = {
			isa = PBXGroup;
			children = (
				6A2243E61B17E2A50048A821 /* Pitch Perfect iPad */,
				6A2243FC1B17E2A50048A821 /* Pitch Perfect iPadTests */,
				6A2243E51B17E2A50048A821 /* Products */,
			);
			sourceTree = "<group>";
		};
		6A2243E51B17E2A50048A821 /* Products */ = {
			isa = PBXGroup;
			children = (
				6A2243E41B17E2A50048A821 /* Pitch Perfect iPad.app */,
				6A2243F91B17E2A50048A821 /* Pitch Perfect iPadTests.xctest */,
			);
			name = Products;
			sourceTree = "<group>";
		};
		6A2243E61B17E2A50048A821 /* Pitch Perfect iPad */ = {
			isa = PBXGroup;
			children = (
				6A2243E91B17E2A50048A821 /* AppDelegate.swift */,
				6A2243EB1B17E2A50048A821 /* RecordSoundsViewController.swift */,
				6A2244091B17EA1F0048A821 /* PlaybackViewController.swift */,
				6A22440B1B17EE310048A821 /* RecordedAudio.swift */,
				6A2243ED1B17E2A50048A821 /* Main.storyboard */,
				6A2243F01B17E2A50048A821 /* Images.xcassets */,
				6A2243F21B17E2A50048A821 /* LaunchScreen.xib */,
				6A2243E71B17E2A50048A821 /* Supporting Files */,
			);
			path = "Pitch Perfect iPad";
			sourceTree = "<group>";
		};
		6A2243E71B17E2A50048A821 /* Supporting Files */ = {
			isa = PBXGroup;
			children = (
				6A2243E81B17E2A50048A821 /* Info.plist */,
			);
			name = "Supporting Files";
			sourceTree = "<group>";
		};
		6A2243FC1B17E2A50048A821 /* Pitch Perfect iPadTests */ = {
			isa = PBXGroup;
			children = (
				6A2243FF1B17E2A50048A821 /* Pitch_Perfect_iPadTests.swift */,
				6A2243FD1B17E2A50048A821 /* Supporting Files */,
			);
			path = "Pitch Perfect iPadTests";
			sourceTree = "<group>";
		};
		6A2243FD1B17E2A50048A821 /* Supporting Files */ = {
			isa = PBXGroup;
			children = (
				6A2243FE1B17E2A50048A821 /* Info.plist */,
			);
			name = "Supporting Files";
			sourceTree = "<group>";
		};
/* End PBXGroup section */

/* Begin PBXNativeTarget section */
		6A2243E31B17E2A50048A821 /* Pitch Perfect iPad */ = {
			isa = PBXNativeTarget;
			buildConfigurationList = 6A2244031B17E2A50048A821 /* Build configuration list for PBXNativeTarget "Pitch Perfect iPad" */;
			buildPhases = (
				6A2243E01B17E2A50048A821 /* Sources */,
				6A2243E11B17E2A50048A821 /* Frameworks */,
				6A2243E21B17E2A50048A821 /* Resources */,
			);
			buildRules = (
			);
			dependencies = (
			);
			name = "Pitch Perfect iPad";
			productName = "Pitch Perfect iPad";
			productReference = 6A2243E41B17E2A50048A821 /* Pitch Perfect iPad.app */;
			productType = "com.apple.product-type.application";
		};
		6A2243F81B17E2A50048A821 /* Pitch Perfect iPadTests */ = {
			isa = PBXNativeTarget;
			buildConfigurationList = 6A2244061B17E2A50048A821 /* Build configuration list for PBXNativeTarget "Pitch Perfect iPadTests" */;
			buildPhases = (
				6A2243F51B17E2A50048A821 /* Sources */,
				6A2243F61B17E2A50048A821 /* Frameworks */,
				6A2243F71B17E2A50048A821 /* Resources */,
			);
			buildRules = (
			);
			dependencies = (
				6A2243FB1B17E2A50048A821 /* PBXTargetDependency */,
			);
			name = "Pitch Perfect iPadTests";
			productName = "Pitch Perfect iPadTests";
			productReference = 6A2243F91B17E2A50048A821 /* Pitch Perfect iPadTests.xctest */;
			productType = "com.apple.product-type.bundle.unit-test";
		};
/* End PBXNativeTarget section */

/* Begin PBXProject section */
		6A2243DC1B17E2A50048A821 /* Project object */ = {
			isa = PBXProject;
			attributes = {
				LastUpgradeCheck = 0630;
				ORGANIZATIONNAME = "Nagarjun Chakilam";
				TargetAttributes = {
					6A2243E31B17E2A50048A821 = {
						CreatedOnToolsVersion = 6.3;
					};
					6A2243F81B17E2A50048A821 = {
						CreatedOnToolsVersion = 6.3;
						TestTargetID = 6A2243E31B17E2A50048A821;
					};
				};
			};
			buildConfigurationList = 6A2243DF1B17E2A50048A821 /* Build configuration list for PBXProject "Pitch Perfect iPad" */;
			compatibilityVersion = "Xcode 3.2";
			developmentRegion = English;
			hasScannedForEncodings = 0;
			knownRegions = (
				en,
				Base,
			);
			mainGroup = 6A2243DB1B17E2A50048A821;
			productRefGroup = 6A2243E51B17E2A50048A821 /* Products */;
			projectDirPath = "";
			projectRoot = "";
			targets = (
				6A2243E31B17E2A50048A821 /* Pitch Perfect iPad */,
				6A2243F81B17E2A50048A821 /* Pitch Perfect iPadTests */,
			);
		};
/* End PBXProject section */

/* Begin PBXResourcesBuildPhase section */
		6A2243E21B17E2A50048A821 /* Resources */ = {
			isa = PBXResourcesBuildPhase;
			buildActionMask = 2147483647;
			files = (
				6A2243EF1B17E2A50048A821 /* Main.storyboard in Resources */,
				6A2243F41B17E2A50048A821 /* LaunchScreen.xib in Resources */,
				6A2243F11B17E2A50048A821 /* Images.xcassets in Resources */,
			);
			runOnlyForDeploymentPostprocessing = 0;
		};
		6A2243F71B17E2A50048A821 /* Resources */ = {
			isa = PBXResourcesBuildPhase;
			buildActionMask = 2147483647;
			files = (
			);
			runOnlyForDeploymentPostprocessing = 0;
		};
/* End PBXResourcesBuildPhase section */

/* Begin PBXSourcesBuildPhase section */
		6A2243E01B17E2A50048A821 /* Sources */ = {
			isa = PBXSourcesBuildPhase;
			buildActionMask = 2147483647;
			files = (
				6A22440C1B17EE310048A821 /* RecordedAudio.swift in Sources */,
				6A22440A1B17EA1F0048A821 /* PlaybackViewController.swift in Sources */,
				6A2243EC1B17E2A50048A821 /* RecordSoundsViewController.swift in Sources */,
				6A2243EA1B17E2A50048A821 /* AppDelegate.swift in Sources */,
			);
			runOnlyForDeploymentPostprocessing = 0;
		};
		6A2243F51B17E2A50048A821 /* Sources */ = {
			isa = PBXSourcesBuildPhase;
			buildActionMask = 2147483647;
			files = (
				6A2244001B17E2A50048A821 /* Pitch_Perfect_iPadTests.swift in Sources */,
			);
			runOnlyForDeploymentPostprocessing = 0;
		};
/* End PBXSourcesBuildPhase section */

/* Begin PBXTargetDependency section */
		6A2243FB1B17E2A50048A821 /* PBXTargetDependency */ = {
			isa = PBXTargetDependency;
			target = 6A2243E31B17E2A50048A821 /* Pitch Perfect iPad */;
			targetProxy = 6A2243FA1B17E2A50048A821 /* PBXContainerItemProxy */;
		};
/* End PBXTargetDependency section */

/* Begin PBXVariantGroup section */
		6A2243ED1B17E2A50048A821 /* Main.storyboard */ = {
			isa = PBXVariantGroup;
			children = (
				6A2243EE1B17E2A50048A821 /* Base */,
			);
			name = Main.storyboard;
			sourceTree = "<group>";
		};
		6A2243F21B17E2A50048A821 /* LaunchScreen.xib */ = {
			isa = PBXVariantGroup;
			children = (
				6A2243F31B17E2A50048A821 /* Base */,
			);
			name = LaunchScreen.xib;
			sourceTree = "<group>";
		};
/* End PBXVariantGroup section */

/* Begin XCBuildConfiguration section */
		6A2244011B17E2A50048A821 /* Debug */ = {
			isa = XCBuildConfiguration;
			buildSettings = {
				ALWAYS_SEARCH_USER_PATHS = NO;
				CLANG_CXX_LANGUAGE_STANDARD = "gnu++0x";
				CLANG_CXX_LIBRARY = "libc++";
				CLANG_ENABLE_MODULES = YES;
				CLANG_ENABLE_OBJC_ARC = YES;
				CLANG_WARN_BOOL_CONVERSION = YES;
				CLANG_WARN_CONSTANT_CONVERSION = YES;
				CLANG_WARN_DIRECT_OBJC_ISA_USAGE = YES_ERROR;
				CLANG_WARN_EMPTY_BODY = YES;
				CLANG_WARN_ENUM_CONVERSION = YES;
				CLANG_WARN_INT_CONVERSION = YES;
				CLANG_WARN_OBJC_ROOT_CLASS = YES_ERROR;
				CLANG_WARN_UNREACHABLE_CODE = YES;
				CLANG_WARN__DUPLICATE_METHOD_MATCH = YES;
				"CODE_SIGN_IDENTITY[sdk=iphoneos*]" = "iPhone Developer";
				COPY_PHASE_STRIP = NO;
				DEBUG_INFORMATION_FORMAT = "dwarf-with-dsym";
				ENABLE_STRICT_OBJC_MSGSEND = YES;
				GCC_C_LANGUAGE_STANDARD = gnu99;
				GCC_DYNAMIC_NO_PIC = NO;
				GCC_NO_COMMON_BLOCKS = YES;
				GCC_OPTIMIZATION_LEVEL = 0;
				GCC_PREPROCESSOR_DEFINITIONS = (
					"DEBUG=1",
					"$(inherited)",
				);
				GCC_SYMBOLS_PRIVATE_EXTERN = NO;
				GCC_WARN_64_TO_32_BIT_CONVERSION = YES;
				GCC_WARN_ABOUT_RETURN_TYPE = YES_ERROR;
				GCC_WARN_UNDECLARED_SELECTOR = YES;
				GCC_WARN_UNINITIALIZED_AUTOS = YES_AGGRESSIVE;
				GCC_WARN_UNUSED_FUNCTION = YES;
				GCC_WARN_UNUSED_VARIABLE = YES;
				IPHONEOS_DEPLOYMENT_TARGET = 8.3;
				MTL_ENABLE_DEBUG_INFO = YES;
				ONLY_ACTIVE_ARCH = YES;
				SDKROOT = iphoneos;
				SWIFT_OPTIMIZATION_LEVEL = "-Onone";
				TARGETED_DEVICE_FAMILY = 2;
			};
			name = Debug;
		};
		6A2244021B17E2A50048A821 /* Release */ = {
			isa = XCBuildConfiguration;
			buildSettings = {
				ALWAYS_SEARCH_USER_PATHS = NO;
				CLANG_CXX_LANGUAGE_STANDARD = "gnu++0x";
				CLANG_CXX_LIBRARY = "libc++";
				CLANG_ENABLE_MODULES = YES;
				CLANG_ENABLE_OBJC_ARC = YES;
				CLANG_WARN_BOOL_CONVERSION = YES;
				CLANG_WARN_CONSTANT_CONVERSION = YES;
				CLANG_WARN_DIRECT_OBJC_ISA_USAGE = YES_ERROR;
				CLANG_WARN_EMPTY_BODY = YES;
				CLANG_WARN_ENUM_CONVERSION = YES;
				CLANG_WARN_INT_CONVERSION = YES;
				CLANG_WARN_OBJC_ROOT_CLASS = YES_ERROR;
				CLANG_WARN_UNREACHABLE_CODE = YES;
				CLANG_WARN__DUPLICATE_METHOD_MATCH = YES;
				"CODE_SIGN_IDENTITY[sdk=iphoneos*]" = "iPhone Developer";
				COPY_PHASE_STRIP = NO;
				DEBUG_INFORMATION_FORMAT = "dwarf-with-dsym";
				ENABLE_NS_ASSERTIONS = NO;
				ENABLE_STRICT_OBJC_MSGSEND = YES;
				GCC_C_LANGUAGE_STANDARD = gnu99;
				GCC_NO_COMMON_BLOCKS = YES;
				GCC_WARN_64_TO_32_BIT_CONVERSION = YES;
				GCC_WARN_ABOUT_RETURN_TYPE = YES_ERROR;
				GCC_WARN_UNDECLARED_SELECTOR = YES;
				GCC_WARN_UNINITIALIZED_AUTOS = YES_AGGRESSIVE;
				GCC_WARN_UNUSED_FUNCTION = YES;
				GCC_WARN_UNUSED_VARIABLE = YES;
				IPHONEOS_DEPLOYMENT_TARGET = 8.3;
				MTL_ENABLE_DEBUG_INFO = NO;
				SDKROOT = iphoneos;
				TARGETED_DEVICE_FAMILY = 2;
				VALIDATE_PRODUCT = YES;
			};
			name = Release;
		};
		6A2244041B17E2A50048A821 /* Debug */ = {
			isa = XCBuildConfiguration;
			buildSettings = {
				ASSETCATALOG_COMPILER_APPICON_NAME = AppIcon;
				INFOPLIST_FILE = "Pitch Perfect iPad/Info.plist";
				IPHONEOS_DEPLOYMENT_TARGET = 8.1;
				LD_RUNPATH_SEARCH_PATHS = "$(inherited) @executable_path/Frameworks";
				PRODUCT_NAME = "$(TARGET_NAME)";
			};
			name = Debug;
		};
		6A2244051B17E2A50048A821 /* Release */ = {
			isa = XCBuildConfiguration;
			buildSettings = {
				ASSETCATALOG_COMPILER_APPICON_NAME = AppIcon;
				INFOPLIST_FILE = "Pitch Perfect iPad/Info.plist";
				IPHONEOS_DEPLOYMENT_TARGET = 8.1;
				LD_RUNPATH_SEARCH_PATHS = "$(inherited) @executable_path/Frameworks";
				PRODUCT_NAME = "$(TARGET_NAME)";
			};
			name = Release;
		};
		6A2244071B17E2A50048A821 /* Debug */ = {
			isa = XCBuildConfiguration;
			buildSettings = {
				BUNDLE_LOADER = "$(TEST_HOST)";
				FRAMEWORK_SEARCH_PATHS = (
					"$(SDKROOT)/Developer/Library/Frameworks",
					"$(inherited)",
				);
				GCC_PREPROCESSOR_DEFINITIONS = (
					"DEBUG=1",
					"$(inherited)",
				);
				INFOPLIST_FILE = "Pitch Perfect iPadTests/Info.plist";
				LD_RUNPATH_SEARCH_PATHS = "$(inherited) @executable_path/Frameworks @loader_path/Frameworks";
				PRODUCT_NAME = "$(TARGET_NAME)";
				TEST_HOST = "$(BUILT_PRODUCTS_DIR)/Pitch Perfect iPad.app/Pitch Perfect iPad";
			};
			name = Debug;
		};
		6A2244081B17E2A50048A821 /* Release */ = {
			isa = XCBuildConfiguration;
			buildSettings = {
				BUNDLE_LOADER = "$(TEST_HOST)";
				FRAMEWORK_SEARCH_PATHS = (
					"$(SDKROOT)/Developer/Library/Frameworks",
					"$(inherited)",
				);
				INFOPLIST_FILE = "Pitch Perfect iPadTests/Info.plist";
				LD_RUNPATH_SEARCH_PATHS = "$(inherited) @executable_path/Frameworks @loader_path/Frameworks";
				PRODUCT_NAME = "$(TARGET_NAME)";
				TEST_HOST = "$(BUILT_PRODUCTS_DIR)/Pitch Perfect iPad.app/Pitch Perfect iPad";
			};
			name = Release;
		};
/* End XCBuildConfiguration section */

/* Begin XCConfigurationList section */
		6A2243DF1B17E2A50048A821 /* Build configuration list for PBXProject "Pitch Perfect iPad" */ = {
			isa = XCConfigurationList;
			buildConfigurations = (
				6A2244011B17E2A50048A821 /* Debug */,
				6A2244021B17E2A50048A821 /* Release */,
			);
			defaultConfigurationIsVisible = 0;
			defaultConfigurationName = Release;
		};
		6A2244031B17E2A50048A821 /* Build configuration list for PBXNativeTarget "Pitch Perfect iPad" */ = {
			isa = XCConfigurationList;
			buildConfigurations = (
				6A2244041B17E2A50048A821 /* Debug */,
				6A2244051B17E2A50048A821 /* Release */,
			);
			defaultConfigurationIsVisible = 0;
			defaultConfigurationName = Release;
		};
		6A2244061B17E2A50048A821 /* Build configuration list for PBXNativeTarget "Pitch Perfect iPadTests" */ = {
			isa = XCConfigurationList;
			buildConfigurations = (
				6A2244071B17E2A50048A821 /* Debug */,
				6A2244081B17E2A50048A821 /* Release */,
			);
			defaultConfigurationIsVisible = 0;
			defaultConfigurationName = Release;
		};
/* End XCConfigurationList section */
	};
	rootObject = 6A2243DC1B17E2A50048A821 /* Project object */;
}
